
Microsoft Visual Studio Solution File, Format Version 12.00
# Visual Studio Version 16
VisualStudioVersion = 16.0.32002.261
MinimumVisualStudioVersion = 10.0.40219.1
Project("{FAE04EC0-301F-11D3-BF4B-00C04F79EFBC}") = "AppTBS.Android", "AppTBS\AppTBS.Android\AppTBS.Android.csproj", "{CE0243F6-E326-44B9-8ADD-7861C6B74F70}"
EndProject
Project("{FAE04EC0-301F-11D3-BF4B-00C04F79EFBC}") = "TBS.Droid", "TBS.Droid\TBS.Droid.csproj", "{65A214FB-6F63-4EAC-BDC0-7E3B13D1B42C}"
EndProject
Global
	GlobalSection(SolutionConfigurationPlatforms) = preSolution
		Ad-Hoc|Any CPU = Ad-Hoc|Any CPU
		Ad-Hoc|iPhone = Ad-Hoc|iPhone
		Ad-Hoc|iPhoneSimulator = Ad-Hoc|iPhoneSimulator
		AppStore|Any CPU = AppStore|Any CPU
		AppStore|iPhone = AppStore|iPhone
		AppStore|iPhoneSimulator = AppStore|iPhoneSimulator
		Debug|Any CPU = Debug|Any CPU
		Debug|iPhone = Debug|iPhone
		Debug|iPhoneSimulator = Debug|iPhoneSimulator
		Release|Any CPU = Release|Any CPU
		Release|iPhone = Release|iPhone
		Release|iPhoneSimulator = Release|iPhoneSimulator
	EndGlobalSection
	GlobalSection(ProjectConfigurationPlatforms) = postSolution
		{CE0243F6-E326-44B9-8ADD-7861C6B74F70}.Ad-Hoc|Any CPU.ActiveCfg = Release|Any CPU
		{CE0243F6-E326-44B9-8ADD-7861C6B74F70}.Ad-Hoc|Any CPU.Build.0 = Release|Any CPU
		{CE0243F6-E326-44B9-8ADD-7861C6B74F70}.Ad-Hoc|Any CPU.Deploy.0 = Release|Any CPU
		{CE0243F6-E326-44B9-8ADD-7861C6B74F70}.Ad-Hoc|iPhone.ActiveCfg = Release|Any CPU
		{CE0243F6-E326-44B9-8ADD-7861C6B74F70}.Ad-Hoc|iPhone.Build.0 = Release|Any CPU
		{CE0243F6-E326-44B9-8ADD-7861C6B74F70}.Ad-Hoc|iPhone.Deploy.0 = Release|Any CPU
		{CE0243F6-E326-44B9-8ADD-7861C6B74F70}.Ad-Hoc|iPhoneSimulator.ActiveCfg = Release|Any CPU
		{CE0243F6-E326-44B9-8ADD-7861C6B74F70}.Ad-Hoc|iPhoneSimulator.Build.0 = Release|Any CPU
		{CE0243F6-E326-44B9-8ADD-7861C6B74F70}.Ad-Hoc|iPhoneSimulator.Deploy.0 = Release|Any CPU
		{CE0243F6-E326-44B9-8ADD-7861C6B74F70}.AppStore|Any CPU.ActiveCfg = Release|Any CPU
		{CE0243F6-E326-44B9-8ADD-7861C6B74F70}.AppStore|Any CPU.Build.0 = Release|Any CPU
		{CE0243F6-E326-44B9-8ADD-7861C6B74F70}.AppStore|Any CPU.Deploy.0 = Release|Any CPU
		{CE0243F6-E326-44B9-8ADD-7861C6B74F70}.AppStore|iPhone.ActiveCfg = Release|Any CPU
		{CE0243F6-E326-44B9-8ADD-7861C6B74F70}.AppStore|iPhone.Build.0 = Release|Any CPU
		{CE0243F6-E326-44B9-8ADD-7861C6B74F70}.AppStore|iPhone.Deploy.0 = Release|Any CPU
		{CE0243F6-E326-44B9-8ADD-7861C6B74F70}.AppStore|iPhoneSimulator.ActiveCfg = Release|Any CPU
		{CE0243F6-E326-44B9-8ADD-7861C6B74F70}.AppStore|iPhoneSimulator.Build.0 = Release|Any CPU
		{CE0243F6-E326-44B9-8ADD-7861C6B74F70}.AppStore|iPhoneSimulator.Deploy.0 = Release|Any CPU
		{CE0243F6-E326-44B9-8ADD-7861C6B74F70}.Debug|Any CPU.ActiveCfg = Debug|Any CPU
		{CE0243F6-E326-44B9-8ADD-7861C6B74F70}.Debug|Any CPU.Build.0 = Debug|Any CPU
		{CE0243F6-E326-44B9-8ADD-7861C6B74F70}.Debug|Any CPU.Deploy.0 = Debug|Any CPU
		{CE0243F6-E326-44B9-8ADD-7861C6B74F70}.Debug|iPhone.ActiveCfg = Debug|Any CPU
		{CE0243F6-E326-44B9-8ADD-7861C6B74F70}.Debug|iPhone.Build.0 = Debug|Any CPU
		{CE0243F6-E326-44B9-8ADD-7861C6B74F70}.Debug|iPhone.Deploy.0 = Debug|Any CPU
		{CE0243F6-E326-44B9-8ADD-7861C6B74F70}.Debug|iPhoneSimulator.ActiveCfg = Debug|Any CPU
		{CE0243F6-E326-44B9-8ADD-7861C6B74F70}.Debug|iPhoneSimulator.Build.0 = Debug|Any CPU
		{CE0243F6-E326-44B9-8ADD-7861C6B74F70}.Debug|iPhoneSimulator.Deploy.0 = Debug|Any CPU
		{CE0243F6-E326-44B9-8ADD-7861C6B74F70}.Release|Any CPU.ActiveCfg = Release|Any CPU
		{CE0243F6-E326-44B9-8ADD-7861C6B74F70}.Release|Any CPU.Build.0 = Release|Any CPU
		{CE0243F6-E326-44B9-8ADD-7861C6B74F70}.Release|Any CPU.Deploy.0 = Release|Any CPU
		{CE0243F6-E326-44B9-8ADD-7861C6B74F70}.Release|iPhone.ActiveCfg = Release|Any CPU
		{CE0243F6-E326-44B9-8ADD-7861C6B74F70}.Release|iPhone.Build.0 = Release|Any CPU
		{CE0243F6-E326-44B9-8ADD-7861C6B74F70}.Release|iPhone.Deploy.0 = Release|Any CPU
		{CE0243F6-E326-44B9-8ADD-7861C6B74F70}.Release|iPhoneSimulator.ActiveCfg = Release|Any CPU
		{CE0243F6-E326-44B9-8ADD-7861C6B74F70}.Release|iPhoneSimulator.Build.0 = Release|Any CPU
		{CE0243F6-E326-44B9-8ADD-7861C6B74F70}.Release|iPhoneSimulator.Deploy.0 = Release|Any CPU
		{65A214FB-6F63-4EAC-BDC0-7E3B13D1B42C}.Ad-Hoc|Any CPU.ActiveCfg = Release|Any CPU
		{65A214FB-6F63-4EAC-BDC0-7E3B13D1B42C}.Ad-Hoc|Any CPU.Build.0 = Release|Any CPU
		{65A214FB-6F63-4EAC-BDC0-7E3B13D1B42C}.Ad-Hoc|iPhone.ActiveCfg = Release|Any CPU
		{65A214FB-6F63-4EAC-BDC0-7E3B13D1B42C}.Ad-Hoc|iPhone.Build.0 = Release|Any CPU
		{65A214FB-6F63-4EAC-BDC0-7E3B13D1B42C}.Ad-Hoc|iPhoneSimulator.ActiveCfg = Release|Any CPU
		{65A214FB-6F63-4EAC-BDC0-7E3B13D1B42C}.Ad-Hoc|iPhoneSimulator.Build.0 = Release|Any CPU
		{65A214FB-6F63-4EAC-BDC0-7E3B13D1B42C}.AppStore|Any CPU.ActiveCfg = Release|Any CPU
		{65A214FB-6F63-4EAC-BDC0-7E3B13D1B42C}.AppStore|Any CPU.Build.0 = Release|Any CPU
		{65A214FB-6F63-4EAC-BDC0-7E3B13D1B42C}.AppStore|iPhone.ActiveCfg = Release|Any CPU
		{65A214FB-6F63-4EAC-BDC0-7E3B13D1B42C}.AppStore|iPhone.Build.0 = Release|Any CPU
		{65A214FB-6F63-4EAC-BDC0-7E3B13D1B42C}.AppStore|iPhoneSimulator.ActiveCfg = Release|Any CPU
		{65A214FB-6F63-4EAC-BDC0-7E3B13D1B42C}.AppStore|iPhoneSimulator.Build.0 = Release|Any CPU
		{65A214FB-6F63-4EAC-BDC0-7E3B13D1B42C}.Debug|Any CPU.ActiveCfg = Debug|Any CPU
		{65A214FB-6F63-4EAC-BDC0-7E3B13D1B42C}.Debug|Any CPU.Build.0 = Debug|Any CPU
		{65A214FB-6F63-4EAC-BDC0-7E3B13D1B42C}.Debug|iPhone.ActiveCfg = Debug|Any CPU
		{65A214FB-6F63-4EAC-BDC0-7E3B13D1B42C}.Debug|iPhone.Build.0 = Debug|Any CPU
		{65A214FB-6F63-4EAC-BDC0-7E3B13D1B42C}.Debug|iPhoneSimulator.ActiveCfg = Debug|Any CPU
		{65A214FB-6F63-4EAC-BDC0-7E3B13D1B42C}.Debug|iPhoneSimulator.Build.0 = Debug|Any CPU
		{65A214FB-6F63-4EAC-BDC0-7E3B13D1B42C}.Release|Any CPU.ActiveCfg = Release|Any CPU
		{65A214FB-6F63-4EAC-BDC0-7E3B13D1B42C}.Release|Any CPU.Build.0 = Release|Any CPU
		{65A214FB-6F63-4EAC-BDC0-7E3B13D1B42C}.Release|iPhone.ActiveCfg = Release|Any CPU
		{65A214FB-6F63-4EAC-BDC0-7E3B13D1B42C}.Release|iPhone.Build.0 = Release|Any CPU
		{65A214FB-6F63-4EAC-BDC0-7E3B13D1B42C}.Release|iPhoneSimulator.ActiveCfg = Release|Any CPU
		{65A214FB-6F63-4EAC-BDC0-7E3B13D1B42C}.Release|iPhoneSimulator.Build.0 = Release|Any CPU
	EndGlobalSection
	GlobalSection(SolutionProperties) = preSolution
		HideSolutionNode = FALSE
	EndGlobalSection
	GlobalSection(ExtensibilityGlobals) = postSolution
		SolutionGuid = {A135DF3A-6A44-40B1-8A29-67F61D6FD20F}
	EndGlobalSection
EndGlobal
