
Microsoft Visual Studio Solution File, Format Version 12.00
# Visual Studio Version 17
VisualStudioVersion = 17.3.32901.215
MinimumVisualStudioVersion = 10.0.40219.1
Project("{FAE04EC0-301F-11D3-BF4B-00C04F79EFBC}") = "ScanningCode", "ScanningCode\ScanningCode.csproj", "{19583FAA-A557-40D7-97AE-3D88400F87A7}"
EndProject
Project("{FAE04EC0-301F-11D3-BF4B-00C04F79EFBC}") = "BarcodeScanning.Droid", "BarcodeScanning.Droid\BarcodeScanning.Droid.csproj", "{CFCD1989-8E29-46C6-A11F-9FFBB515E010}"
EndProject
Project("{FAE04EC0-301F-11D3-BF4B-00C04F79EFBC}") = "DuanHong169.ColorPicker.Droid", "DuanHong169.ColorPicker.Droid\DuanHong169.ColorPicker.Droid.csproj", "{B01C3159-73B8-4D3E-94B3-E4A5F2CDBC22}"
EndProject
Global
	GlobalSection(SolutionConfigurationPlatforms) = preSolution
		Debug|Any CPU = Debug|Any CPU
		Release|Any CPU = Release|Any CPU
	EndGlobalSection
	GlobalSection(ProjectConfigurationPlatforms) = postSolution
		{19583FAA-A557-40D7-97AE-3D88400F87A7}.Debug|Any CPU.ActiveCfg = Debug|Any CPU
		{19583FAA-A557-40D7-97AE-3D88400F87A7}.Debug|Any CPU.Build.0 = Debug|Any CPU
		{19583FAA-A557-40D7-97AE-3D88400F87A7}.Debug|Any CPU.Deploy.0 = Debug|Any CPU
		{19583FAA-A557-40D7-97AE-3D88400F87A7}.Release|Any CPU.ActiveCfg = Release|Any CPU
		{19583FAA-A557-40D7-97AE-3D88400F87A7}.Release|Any CPU.Build.0 = Release|Any CPU
		{19583FAA-A557-40D7-97AE-3D88400F87A7}.Release|Any CPU.Deploy.0 = Release|Any CPU
		{CFCD1989-8E29-46C6-A11F-9FFBB515E010}.Debug|Any CPU.ActiveCfg = Debug|Any CPU
		{CFCD1989-8E29-46C6-A11F-9FFBB515E010}.Debug|Any CPU.Build.0 = Debug|Any CPU
		{CFCD1989-8E29-46C6-A11F-9FFBB515E010}.Release|Any CPU.ActiveCfg = Release|Any CPU
		{CFCD1989-8E29-46C6-A11F-9FFBB515E010}.Release|Any CPU.Build.0 = Release|Any CPU
		{B01C3159-73B8-4D3E-94B3-E4A5F2CDBC22}.Debug|Any CPU.ActiveCfg = Debug|Any CPU
		{B01C3159-73B8-4D3E-94B3-E4A5F2CDBC22}.Debug|Any CPU.Build.0 = Debug|Any CPU
		{B01C3159-73B8-4D3E-94B3-E4A5F2CDBC22}.Release|Any CPU.ActiveCfg = Release|Any CPU
		{B01C3159-73B8-4D3E-94B3-E4A5F2CDBC22}.Release|Any CPU.Build.0 = Release|Any CPU
	EndGlobalSection
	GlobalSection(SolutionProperties) = preSolution
		HideSolutionNode = FALSE
	EndGlobalSection
	GlobalSection(ExtensibilityGlobals) = postSolution
		SolutionGuid = {E5D08BC4-7A08-41DA-80BD-1268EFCAA2DC}
	EndGlobalSection
EndGlobal
